// !$*UTF8*$!
{
	archiveVersion = 1;
	classes = {
	};
	objectVersion = 46;
	objects = {

/* Begin PBXBuildFile section */
		F9F3468B202C881E003F874B /* CoreFoundation.framework in Frameworks */ = {isa = PBXBuildFile; fileRef = F9F3468A202C881E003F874B /* CoreFoundation.framework */; };
		F9F34692202C881E003F874B /* RATGBM.h in Headers */ = {isa = PBXBuildFile; fileRef = F9F34691202C881E003F874B /* RATGBM.h */; };
		F9F34694202C881E003F874B /* RATGBMPriv.h in Headers */ = {isa = PBXBuildFile; fileRef = F9F34693202C881E003F874B /* RATGBMPriv.h */; };
		F9F34696202C881E003F874B /* RATGBM.cp in Sources */ = {isa = PBXBuildFile; fileRef = F9F34695202C881E003F874B /* RATGBM.cp */; };
/* End PBXBuildFile section */

/* Begin PBXFileReference section */
		F9F34687202C881E003F874B /* RATGBM.bundle */ = {isa = PBXFileReference; explicitFileType = wrapper.cfbundle; includeInIndex = 0; path = RATGBM.bundle; sourceTree = BUILT_PRODUCTS_DIR; };
		F9F3468A202C881E003F874B /* CoreFoundation.framework */ = {isa = PBXFileReference; lastKnownFileType = wrapper.framework; name = CoreFoundation.framework; path = System/Library/Frameworks/CoreFoundation.framework; sourceTree = SDKROOT; };
		F9F3468E202C881E003F874B /* Info.plist */ = {isa = PBXFileReference; lastKnownFileType = text.plist.xml; path = Info.plist; sourceTree = "<group>"; };
		F9F3468F202C881E003F874B /* RATGBMProj.xcconfig */ = {isa = PBXFileReference; lastKnownFileType = text.xcconfig; path = RATGBMProj.xcconfig; sourceTree = "<group>"; };
		F9F34690202C881E003F874B /* RATGBMTarget.xcconfig */ = {isa = PBXFileReference; lastKnownFileType = text.xcconfig; path = RATGBMTarget.xcconfig; sourceTree = "<group>"; };
		F9F34691202C881E003F874B /* RATGBM.h */ = {isa = PBXFileReference; lastKnownFileType = sourcecode.c.h; path = RATGBM.h; sourceTree = "<group>"; };
		F9F34693202C881E003F874B /* RATGBMPriv.h */ = {isa = PBXFileReference; lastKnownFileType = sourcecode.c.h; path = RATGBMPriv.h; sourceTree = "<group>"; };
		F9F34695202C881E003F874B /* RATGBM.cp */ = {isa = PBXFileReference; lastKnownFileType = sourcecode.cpp.cpp; path = RATGBM.cp; sourceTree = "<group>"; };
/* End PBXFileReference section */

/* Begin PBXFrameworksBuildPhase section */
		F9F34684202C881E003F874B /* Frameworks */ = {
			isa = PBXFrameworksBuildPhase;
			buildActionMask = 2147483647;
			files = (
				F9F3468B202C881E003F874B /* CoreFoundation.framework in Frameworks */,
			);
			runOnlyForDeploymentPostprocessing = 0;
		};
/* End PBXFrameworksBuildPhase section */

/* Begin PBXGroup section */
		F9F3467E202C881E003F874B = {
			isa = PBXGroup;
			children = (
				F9F3468C202C881E003F874B /* RATGBM */,
				F9F34689202C881E003F874B /* Frameworks */,
				F9F34688202C881E003F874B /* Products */,
			);
			sourceTree = "<group>";
		};
		F9F34688202C881E003F874B /* Products */ = {
			isa = PBXGroup;
			children = (
				F9F34687202C881E003F874B /* RATGBM.bundle */,
			);
			name = Products;
			sourceTree = "<group>";
		};
		F9F34689202C881E003F874B /* Frameworks */ = {
			isa = PBXGroup;
			children = (
				F9F3468A202C881E003F874B /* CoreFoundation.framework */,
			);
			name = Frameworks;
			sourceTree = "<group>";
		};
		F9F3468C202C881E003F874B /* RATGBM */ = {
			isa = PBXGroup;
			children = (
				F9F3468F202C881E003F874B /* RATGBMProj.xcconfig */,
				F9F34690202C881E003F874B /* RATGBMTarget.xcconfig */,
				F9F34691202C881E003F874B /* RATGBM.h */,
				F9F34693202C881E003F874B /* RATGBMPriv.h */,
				F9F34695202C881E003F874B /* RATGBM.cp */,
				F9F3468D202C881E003F874B /* Supporting Files */,
			);
			path = RATGBM;
			sourceTree = "<group>";
		};
		F9F3468D202C881E003F874B /* Supporting Files */ = {
			isa = PBXGroup;
			children = (
				F9F3468E202C881E003F874B /* Info.plist */,
			);
			name = "Supporting Files";
			sourceTree = "<group>";
		};
/* End PBXGroup section */

/* Begin PBXHeadersBuildPhase section */
		F9F34685202C881E003F874B /* Headers */ = {
			isa = PBXHeadersBuildPhase;
			buildActionMask = 2147483647;
			files = (
				F9F34694202C881E003F874B /* RATGBMPriv.h in Headers */,
				F9F34692202C881E003F874B /* RATGBM.h in Headers */,
			);
			runOnlyForDeploymentPostprocessing = 0;
		};
/* End PBXHeadersBuildPhase section */

/* Begin PBXNativeTarget section */
		F9F34686202C881E003F874B /* RATGBM */ = {
			isa = PBXNativeTarget;
			buildConfigurationList = F9F34699202C881E003F874B /* Build configuration list for PBXNativeTarget "RATGBM" */;
			buildPhases = (
				F9F34683202C881E003F874B /* Sources */,
				F9F34684202C881E003F874B /* Frameworks */,
				F9F34685202C881E003F874B /* Headers */,
			);
			buildRules = (
			);
			dependencies = (
			);
			name = RATGBM;
			productName = RATGBM;
			productReference = F9F34687202C881E003F874B /* RATGBM.bundle */;
			productType = "com.apple.product-type.bundle";
		};
/* End PBXNativeTarget section */

/* Begin PBXProject section */
		F9F3467F202C881E003F874B /* Project object */ = {
			isa = PBXProject;
			attributes = {
				LastUpgradeCheck = 0640;
				ORGANIZATIONNAME = Lipkova;
				TargetAttributes = {
					F9F34686202C881E003F874B = {
						CreatedOnToolsVersion = 6.4;
					};
				};
			};
			buildConfigurationList = F9F34682202C881E003F874B /* Build configuration list for PBXProject "RATGBM" */;
			compatibilityVersion = "Xcode 3.2";
			developmentRegion = English;
			hasScannedForEncodings = 0;
			knownRegions = (
				en,
			);
			mainGroup = F9F3467E202C881E003F874B;
			productRefGroup = F9F34688202C881E003F874B /* Products */;
			projectDirPath = "";
			projectRoot = "";
			targets = (
				F9F34686202C881E003F874B /* RATGBM */,
			);
		};
/* End PBXProject section */

/* Begin PBXSourcesBuildPhase section */
		F9F34683202C881E003F874B /* Sources */ = {
			isa = PBXSourcesBuildPhase;
			buildActionMask = 2147483647;
			files = (
				F9F34696202C881E003F874B /* RATGBM.cp in Sources */,
			);
			runOnlyForDeploymentPostprocessing = 0;
		};
/* End PBXSourcesBuildPhase section */

/* Begin XCBuildConfiguration section */
		F9F34697202C881E003F874B /* Debug */ = {
			isa = XCBuildConfiguration;
			buildSettings = {
				ALWAYS_SEARCH_USER_PATHS = NO;
				CLANG_CXX_LANGUAGE_STANDARD = "gnu++0x";
				CLANG_CXX_LIBRARY = "libc++";
				CLANG_ENABLE_MODULES = YES;
				CLANG_ENABLE_OBJC_ARC = YES;
				CLANG_WARN_BOOL_CONVERSION = YES;
				CLANG_WARN_CONSTANT_CONVERSION = YES;
				CLANG_WARN_DIRECT_OBJC_ISA_USAGE = YES_ERROR;
				CLANG_WARN_EMPTY_BODY = YES;
				CLANG_WARN_ENUM_CONVERSION = YES;
				CLANG_WARN_INT_CONVERSION = YES;
				CLANG_WARN_OBJC_ROOT_CLASS = YES_ERROR;
				CLANG_WARN_UNREACHABLE_CODE = YES;
				CLANG_WARN__DUPLICATE_METHOD_MATCH = YES;
				COPY_PHASE_STRIP = NO;
				DEBUG_INFORMATION_FORMAT = dwarf;
				ENABLE_STRICT_OBJC_MSGSEND = YES;
				GCC_C_LANGUAGE_STANDARD = gnu99;
				GCC_DYNAMIC_NO_PIC = NO;
				GCC_NO_COMMON_BLOCKS = YES;
				GCC_OPTIMIZATION_LEVEL = 0;
				GCC_PREPROCESSOR_DEFINITIONS = (
					"DEBUG=1",
					"$(inherited)",
				);
				GCC_SYMBOLS_PRIVATE_EXTERN = NO;
				GCC_WARN_64_TO_32_BIT_CONVERSION = YES;
				GCC_WARN_ABOUT_RETURN_TYPE = YES_ERROR;
				GCC_WARN_UNDECLARED_SELECTOR = YES;
				GCC_WARN_UNINITIALIZED_AUTOS = YES_AGGRESSIVE;
				GCC_WARN_UNUSED_FUNCTION = YES;
				GCC_WARN_UNUSED_VARIABLE = YES;
				MACOSX_DEPLOYMENT_TARGET = 10.10;
				MTL_ENABLE_DEBUG_INFO = YES;
				ONLY_ACTIVE_ARCH = YES;
				SDKROOT = macosx;
			};
			name = Debug;
		};
		F9F34698202C881E003F874B /* Release */ = {
			isa = XCBuildConfiguration;
			buildSettings = {
				ALWAYS_SEARCH_USER_PATHS = NO;
				CLANG_CXX_LANGUAGE_STANDARD = "gnu++0x";
				CLANG_CXX_LIBRARY = "libc++";
				CLANG_ENABLE_MODULES = YES;
				CLANG_ENABLE_OBJC_ARC = YES;
				CLANG_WARN_BOOL_CONVERSION = YES;
				CLANG_WARN_CONSTANT_CONVERSION = YES;
				CLANG_WARN_DIRECT_OBJC_ISA_USAGE = YES_ERROR;
				CLANG_WARN_EMPTY_BODY = YES;
				CLANG_WARN_ENUM_CONVERSION = YES;
				CLANG_WARN_INT_CONVERSION = YES;
				CLANG_WARN_OBJC_ROOT_CLASS = YES_ERROR;
				CLANG_WARN_UNREACHABLE_CODE = YES;
				CLANG_WARN__DUPLICATE_METHOD_MATCH = YES;
				COPY_PHASE_STRIP = NO;
				DEBUG_INFORMATION_FORMAT = "dwarf-with-dsym";
				ENABLE_NS_ASSERTIONS = NO;
				ENABLE_STRICT_OBJC_MSGSEND = YES;
				GCC_C_LANGUAGE_STANDARD = gnu99;
				GCC_NO_COMMON_BLOCKS = YES;
				GCC_WARN_64_TO_32_BIT_CONVERSION = YES;
				GCC_WARN_ABOUT_RETURN_TYPE = YES_ERROR;
				GCC_WARN_UNDECLARED_SELECTOR = YES;
				GCC_WARN_UNINITIALIZED_AUTOS = YES_AGGRESSIVE;
				GCC_WARN_UNUSED_FUNCTION = YES;
				GCC_WARN_UNUSED_VARIABLE = YES;
				MACOSX_DEPLOYMENT_TARGET = 10.10;
				MTL_ENABLE_DEBUG_INFO = NO;
				SDKROOT = macosx;
			};
			name = Release;
		};
		F9F3469A202C881E003F874B /* Debug */ = {
			isa = XCBuildConfiguration;
			buildSettings = {
				COMBINE_HIDPI_IMAGES = YES;
				INFOPLIST_FILE = RATGBM/Info.plist;
				PRODUCT_NAME = "$(TARGET_NAME)";
			};
			name = Debug;
		};
		F9F3469B202C881E003F874B /* Release */ = {
			isa = XCBuildConfiguration;
			buildSettings = {
				COMBINE_HIDPI_IMAGES = YES;
				INFOPLIST_FILE = RATGBM/Info.plist;
				PRODUCT_NAME = "$(TARGET_NAME)";
			};
			name = Release;
		};
/* End XCBuildConfiguration section */

/* Begin XCConfigurationList section */
		F9F34682202C881E003F874B /* Build configuration list for PBXProject "RATGBM" */ = {
			isa = XCConfigurationList;
			buildConfigurations = (
				F9F34697202C881E003F874B /* Debug */,
				F9F34698202C881E003F874B /* Release */,
			);
			defaultConfigurationIsVisible = 0;
			defaultConfigurationName = Release;
		};
		F9F34699202C881E003F874B /* Build configuration list for PBXNativeTarget "RATGBM" */ = {
			isa = XCConfigurationList;
			buildConfigurations = (
				F9F3469A202C881E003F874B /* Debug */,
				F9F3469B202C881E003F874B /* Release */,
			);
			defaultConfigurationIsVisible = 0;
		};
/* End XCConfigurationList section */
	};
	rootObject = F9F3467F202C881E003F874B /* Project object */;
}
